// !$*UTF8*$!
{
	archiveVersion = 1;
	classes = {
	};
	objectVersion = 46;
	objects = {

/* Begin PBXBuildFile section */
		A42816D11DD8D6E200D02F1B /* UpdateOperation.swift in Sources */ = {isa = PBXBuildFile; fileRef = A42816D01DD8D6E200D02F1B /* UpdateOperation.swift */; };
		A42816D41DD8D72300D02F1B /* Book.swift in Sources */ = {isa = PBXBuildFile; fileRef = A42816D31DD8D72300D02F1B /* Book.swift */; };
		A42816D81DD8D90E00D02F1B /* Helpers.swift in Sources */ = {isa = PBXBuildFile; fileRef = A42816D71DD8D90E00D02F1B /* Helpers.swift */; };
		A45E3BDB1DCF8AF2008AA0DA /* AppDelegate.swift in Sources */ = {isa = PBXBuildFile; fileRef = A45E3BDA1DCF8AF2008AA0DA /* AppDelegate.swift */; };
		A45E3BDD1DCF8AF2008AA0DA /* ViewController.swift in Sources */ = {isa = PBXBuildFile; fileRef = A45E3BDC1DCF8AF2008AA0DA /* ViewController.swift */; };
		A45E3BE01DCF8AF2008AA0DA /* Main.storyboard in Resources */ = {isa = PBXBuildFile; fileRef = A45E3BDE1DCF8AF2008AA0DA /* Main.storyboard */; };
		A45E3BE21DCF8AF2008AA0DA /* Assets.xcassets in Resources */ = {isa = PBXBuildFile; fileRef = A45E3BE11DCF8AF2008AA0DA /* Assets.xcassets */; };
		A45E3BE51DCF8AF2008AA0DA /* LaunchScreen.storyboard in Resources */ = {isa = PBXBuildFile; fileRef = A45E3BE31DCF8AF2008AA0DA /* LaunchScreen.storyboard */; };
		A45E3BF01DCF8AF2008AA0DA /* EasyAdapterTests.swift in Sources */ = {isa = PBXBuildFile; fileRef = A45E3BEF1DCF8AF2008AA0DA /* EasyAdapterTests.swift */; };
		A45E3C091DCF8E71008AA0DA /* EasyAdapter.swift in Sources */ = {isa = PBXBuildFile; fileRef = A45E3C081DCF8E71008AA0DA /* EasyAdapter.swift */; };
		A46300861DF49064003EF8DA /* InsertOperation.swift in Sources */ = {isa = PBXBuildFile; fileRef = A46300851DF49064003EF8DA /* InsertOperation.swift */; };
		A46300881DF49491003EF8DA /* DeleteOperation.swift in Sources */ = {isa = PBXBuildFile; fileRef = A46300871DF49491003EF8DA /* DeleteOperation.swift */; };
		A463008A1DF4AFF6003EF8DA /* TableViewController.swift in Sources */ = {isa = PBXBuildFile; fileRef = A46300891DF4AFF6003EF8DA /* TableViewController.swift */; };
		A46300921DF4BF44003EF8DA /* TestHelpers.swift in Sources */ = {isa = PBXBuildFile; fileRef = A46300911DF4BF44003EF8DA /* TestHelpers.swift */; };
		A4CA2DE01E4667A100007FA6 /* ObjcHelpers.m in Sources */ = {isa = PBXBuildFile; fileRef = A4CA2DDF1E4667A100007FA6 /* ObjcHelpers.m */; };
		A4F878191DCFA8B400D9D6F4 /* BookCell.swift in Sources */ = {isa = PBXBuildFile; fileRef = A4F878181DCFA8B400D9D6F4 /* BookCell.swift */; };
/* End PBXBuildFile section */

/* Begin PBXContainerItemProxy section */
		A45E3BEC1DCF8AF2008AA0DA /* PBXContainerItemProxy */ = {
			isa = PBXContainerItemProxy;
			containerPortal = A45E3BCF1DCF8AF2008AA0DA /* Project object */;
			proxyType = 1;
			remoteGlobalIDString = A45E3BD61DCF8AF2008AA0DA;
			remoteInfo = TableAdapter;
		};
/* End PBXContainerItemProxy section */

/* Begin PBXFileReference section */
		A42816D01DD8D6E200D02F1B /* UpdateOperation.swift */ = {isa = PBXFileReference; fileEncoding = 4; lastKnownFileType = sourcecode.swift; path = UpdateOperation.swift; sourceTree = "<group>"; };
		A42816D31DD8D72300D02F1B /* Book.swift */ = {isa = PBXFileReference; fileEncoding = 4; lastKnownFileType = sourcecode.swift; path = Book.swift; sourceTree = "<group>"; };
		A42816D71DD8D90E00D02F1B /* Helpers.swift */ = {isa = PBXFileReference; fileEncoding = 4; lastKnownFileType = sourcecode.swift; path = Helpers.swift; sourceTree = "<group>"; };
		A45E3BD71DCF8AF2008AA0DA /* EasyAdapter.app */ = {isa = PBXFileReference; explicitFileType = wrapper.application; includeInIndex = 0; path = EasyAdapter.app; sourceTree = BUILT_PRODUCTS_DIR; };
		A45E3BDA1DCF8AF2008AA0DA /* AppDelegate.swift */ = {isa = PBXFileReference; lastKnownFileType = sourcecode.swift; path = AppDelegate.swift; sourceTree = "<group>"; };
		A45E3BDC1DCF8AF2008AA0DA /* ViewController.swift */ = {isa = PBXFileReference; lastKnownFileType = sourcecode.swift; path = ViewController.swift; sourceTree = "<group>"; };
		A45E3BDF1DCF8AF2008AA0DA /* Base */ = {isa = PBXFileReference; lastKnownFileType = file.storyboard; name = Base; path = Base.lproj/Main.storyboard; sourceTree = "<group>"; };
		A45E3BE11DCF8AF2008AA0DA /* Assets.xcassets */ = {isa = PBXFileReference; lastKnownFileType = folder.assetcatalog; path = Assets.xcassets; sourceTree = "<group>"; };
		A45E3BE41DCF8AF2008AA0DA /* Base */ = {isa = PBXFileReference; lastKnownFileType = file.storyboard; name = Base; path = Base.lproj/LaunchScreen.storyboard; sourceTree = "<group>"; };
		A45E3BE61DCF8AF2008AA0DA /* Info.plist */ = {isa = PBXFileReference; lastKnownFileType = text.plist.xml; path = Info.plist; sourceTree = "<group>"; };
		A45E3BEB1DCF8AF2008AA0DA /* EasyAdapterTests.xctest */ = {isa = PBXFileReference; explicitFileType = wrapper.cfbundle; includeInIndex = 0; path = EasyAdapterTests.xctest; sourceTree = BUILT_PRODUCTS_DIR; };
		A45E3BEF1DCF8AF2008AA0DA /* EasyAdapterTests.swift */ = {isa = PBXFileReference; lastKnownFileType = sourcecode.swift; path = EasyAdapterTests.swift; sourceTree = "<group>"; };
		A45E3BF11DCF8AF2008AA0DA /* Info.plist */ = {isa = PBXFileReference; lastKnownFileType = text.plist.xml; path = Info.plist; sourceTree = "<group>"; };
		A45E3C081DCF8E71008AA0DA /* EasyAdapter.swift */ = {isa = PBXFileReference; fileEncoding = 4; lastKnownFileType = sourcecode.swift; path = EasyAdapter.swift; sourceTree = "<group>"; };
		A46300851DF49064003EF8DA /* InsertOperation.swift */ = {isa = PBXFileReference; fileEncoding = 4; lastKnownFileType = sourcecode.swift; path = InsertOperation.swift; sourceTree = "<group>"; };
		A46300871DF49491003EF8DA /* DeleteOperation.swift */ = {isa = PBXFileReference; fileEncoding = 4; lastKnownFileType = sourcecode.swift; path = DeleteOperation.swift; sourceTree = "<group>"; };
		A46300891DF4AFF6003EF8DA /* TableViewController.swift */ = {isa = PBXFileReference; fileEncoding = 4; lastKnownFileType = sourcecode.swift; path = TableViewController.swift; sourceTree = "<group>"; };
		A46300911DF4BF44003EF8DA /* TestHelpers.swift */ = {isa = PBXFileReference; fileEncoding = 4; lastKnownFileType = sourcecode.swift; path = TestHelpers.swift; sourceTree = "<group>"; };
		A4CA2DDD1E4667A100007FA6 /* TableAdapter-Bridging-Header.h */ = {isa = PBXFileReference; lastKnownFileType = sourcecode.c.h; path = "TableAdapter-Bridging-Header.h"; sourceTree = "<group>"; };
		A4CA2DDE1E4667A100007FA6 /* ObjcHelpers.h */ = {isa = PBXFileReference; fileEncoding = 4; lastKnownFileType = sourcecode.c.h; path = ObjcHelpers.h; sourceTree = "<group>"; };
		A4CA2DDF1E4667A100007FA6 /* ObjcHelpers.m */ = {isa = PBXFileReference; fileEncoding = 4; lastKnownFileType = sourcecode.c.objc; path = ObjcHelpers.m; sourceTree = "<group>"; };
		A4F878181DCFA8B400D9D6F4 /* BookCell.swift */ = {isa = PBXFileReference; fileEncoding = 4; lastKnownFileType = sourcecode.swift; path = BookCell.swift; sourceTree = "<group>"; };
/* End PBXFileReference section */

/* Begin PBXFrameworksBuildPhase section */
		A45E3BD41DCF8AF2008AA0DA /* Frameworks */ = {
			isa = PBXFrameworksBuildPhase;
			buildActionMask = 2147483647;
			files = (
			);
			runOnlyForDeploymentPostprocessing = 0;
		};
		A45E3BE81DCF8AF2008AA0DA /* Frameworks */ = {
			isa = PBXFrameworksBuildPhase;
			buildActionMask = 2147483647;
			files = (
			);
			runOnlyForDeploymentPostprocessing = 0;
		};
/* End PBXFrameworksBuildPhase section */

/* Begin PBXGroup section */
		A42816D21DD8D6E700D02F1B /* Core */ = {
			isa = PBXGroup;
			children = (
				A45E3C081DCF8E71008AA0DA /* EasyAdapter.swift */,
				A42816D01DD8D6E200D02F1B /* UpdateOperation.swift */,
				A42816D71DD8D90E00D02F1B /* Helpers.swift */,
				A46300851DF49064003EF8DA /* InsertOperation.swift */,
				A46300871DF49491003EF8DA /* DeleteOperation.swift */,
			);
			name = Core;
			sourceTree = "<group>";
		};
		A45E3BCE1DCF8AF2008AA0DA = {
			isa = PBXGroup;
			children = (
				A45E3BD91DCF8AF2008AA0DA /* EasyAdapter */,
				A45E3BEE1DCF8AF2008AA0DA /* EasyAdapterTests */,
				A45E3BD81DCF8AF2008AA0DA /* Products */,
			);
			sourceTree = "<group>";
		};
		A45E3BD81DCF8AF2008AA0DA /* Products */ = {
			isa = PBXGroup;
			children = (
				A45E3BD71DCF8AF2008AA0DA /* EasyAdapter.app */,
				A45E3BEB1DCF8AF2008AA0DA /* EasyAdapterTests.xctest */,
			);
			name = Products;
			sourceTree = "<group>";
		};
		A45E3BD91DCF8AF2008AA0DA /* EasyAdapter */ = {
			isa = PBXGroup;
			children = (
				A42816D21DD8D6E700D02F1B /* Core */,
				A45E3BDA1DCF8AF2008AA0DA /* AppDelegate.swift */,
				A45E3BDC1DCF8AF2008AA0DA /* ViewController.swift */,
				A45E3BDE1DCF8AF2008AA0DA /* Main.storyboard */,
				A45E3BE11DCF8AF2008AA0DA /* Assets.xcassets */,
				A45E3BE31DCF8AF2008AA0DA /* LaunchScreen.storyboard */,
				A45E3BE61DCF8AF2008AA0DA /* Info.plist */,
				A4F878181DCFA8B400D9D6F4 /* BookCell.swift */,
				A42816D31DD8D72300D02F1B /* Book.swift */,
				A4CA2DDE1E4667A100007FA6 /* ObjcHelpers.h */,
				A4CA2DDF1E4667A100007FA6 /* ObjcHelpers.m */,
				A4CA2DDD1E4667A100007FA6 /* TableAdapter-Bridging-Header.h */,
			);
			name = EasyAdapter;
			path = TableAdapter;
			sourceTree = "<group>";
		};
		A45E3BEE1DCF8AF2008AA0DA /* EasyAdapterTests */ = {
			isa = PBXGroup;
			children = (
				A45E3BEF1DCF8AF2008AA0DA /* EasyAdapterTests.swift */,
				A45E3BF11DCF8AF2008AA0DA /* Info.plist */,
				A46300891DF4AFF6003EF8DA /* TableViewController.swift */,
				A46300911DF4BF44003EF8DA /* TestHelpers.swift */,
			);
			name = EasyAdapterTests;
			path = TableAdapterTests;
			sourceTree = "<group>";
		};
/* End PBXGroup section */

/* Begin PBXNativeTarget section */
		A45E3BD61DCF8AF2008AA0DA /* EasyAdapter */ = {
			isa = PBXNativeTarget;
			buildConfigurationList = A45E3BFF1DCF8AF2008AA0DA /* Build configuration list for PBXNativeTarget "EasyAdapter" */;
			buildPhases = (
				A45E3BD31DCF8AF2008AA0DA /* Sources */,
				A45E3BD41DCF8AF2008AA0DA /* Frameworks */,
				A45E3BD51DCF8AF2008AA0DA /* Resources */,
			);
			buildRules = (
			);
			dependencies = (
			);
			name = EasyAdapter;
			productName = TableAdapter;
			productReference = A45E3BD71DCF8AF2008AA0DA /* EasyAdapter.app */;
			productType = "com.apple.product-type.application";
		};
		A45E3BEA1DCF8AF2008AA0DA /* EasyAdapterTests */ = {
			isa = PBXNativeTarget;
			buildConfigurationList = A45E3C021DCF8AF2008AA0DA /* Build configuration list for PBXNativeTarget "EasyAdapterTests" */;
			buildPhases = (
				A45E3BE71DCF8AF2008AA0DA /* Sources */,
				A45E3BE81DCF8AF2008AA0DA /* Frameworks */,
				A45E3BE91DCF8AF2008AA0DA /* Resources */,
			);
			buildRules = (
			);
			dependencies = (
				A45E3BED1DCF8AF2008AA0DA /* PBXTargetDependency */,
			);
			name = EasyAdapterTests;
			productName = TableAdapterTests;
			productReference = A45E3BEB1DCF8AF2008AA0DA /* EasyAdapterTests.xctest */;
			productType = "com.apple.product-type.bundle.unit-test";
		};
/* End PBXNativeTarget section */

/* Begin PBXProject section */
		A45E3BCF1DCF8AF2008AA0DA /* Project object */ = {
			isa = PBXProject;
			attributes = {
				LastSwiftUpdateCheck = 0800;
				LastUpgradeCheck = 0820;
				ORGANIZATIONNAME = "Aynur Galiev";
				TargetAttributes = {
					A45E3BD61DCF8AF2008AA0DA = {
						CreatedOnToolsVersion = 8.0;
						DevelopmentTeam = 3EZN9G7JS8;
						LastSwiftMigration = 0820;
						ProvisioningStyle = Automatic;
					};
					A45E3BEA1DCF8AF2008AA0DA = {
						CreatedOnToolsVersion = 8.0;
						DevelopmentTeam = 3EZN9G7JS8;
						ProvisioningStyle = Automatic;
						TestTargetID = A45E3BD61DCF8AF2008AA0DA;
					};
				};
			};
			buildConfigurationList = A45E3BD21DCF8AF2008AA0DA /* Build configuration list for PBXProject "EasyAdapter" */;
			compatibilityVersion = "Xcode 3.2";
			developmentRegion = English;
			hasScannedForEncodings = 0;
			knownRegions = (
				en,
				Base,
			);
			mainGroup = A45E3BCE1DCF8AF2008AA0DA;
			productRefGroup = A45E3BD81DCF8AF2008AA0DA /* Products */;
			projectDirPath = "";
			projectRoot = "";
			targets = (
				A45E3BD61DCF8AF2008AA0DA /* EasyAdapter */,
				A45E3BEA1DCF8AF2008AA0DA /* EasyAdapterTests */,
			);
		};
/* End PBXProject section */

/* Begin PBXResourcesBuildPhase section */
		A45E3BD51DCF8AF2008AA0DA /* Resources */ = {
			isa = PBXResourcesBuildPhase;
			buildActionMask = 2147483647;
			files = (
				A45E3BE51DCF8AF2008AA0DA /* LaunchScreen.storyboard in Resources */,
				A45E3BE21DCF8AF2008AA0DA /* Assets.xcassets in Resources */,
				A45E3BE01DCF8AF2008AA0DA /* Main.storyboard in Resources */,
			);
			runOnlyForDeploymentPostprocessing = 0;
		};
		A45E3BE91DCF8AF2008AA0DA /* Resources */ = {
			isa = PBXResourcesBuildPhase;
			buildActionMask = 2147483647;
			files = (
			);
			runOnlyForDeploymentPostprocessing = 0;
		};
/* End PBXResourcesBuildPhase section */

/* Begin PBXSourcesBuildPhase section */
		A45E3BD31DCF8AF2008AA0DA /* Sources */ = {
			isa = PBXSourcesBuildPhase;
			buildActionMask = 2147483647;
			files = (
				A46300881DF49491003EF8DA /* DeleteOperation.swift in Sources */,
				A4CA2DE01E4667A100007FA6 /* ObjcHelpers.m in Sources */,
				A4F878191DCFA8B400D9D6F4 /* BookCell.swift in Sources */,
				A45E3BDD1DCF8AF2008AA0DA /* ViewController.swift in Sources */,
				A42816D41DD8D72300D02F1B /* Book.swift in Sources */,
				A42816D81DD8D90E00D02F1B /* Helpers.swift in Sources */,
				A42816D11DD8D6E200D02F1B /* UpdateOperation.swift in Sources */,
				A45E3BDB1DCF8AF2008AA0DA /* AppDelegate.swift in Sources */,
				A45E3C091DCF8E71008AA0DA /* EasyAdapter.swift in Sources */,
				A46300861DF49064003EF8DA /* InsertOperation.swift in Sources */,
			);
			runOnlyForDeploymentPostprocessing = 0;
		};
		A45E3BE71DCF8AF2008AA0DA /* Sources */ = {
			isa = PBXSourcesBuildPhase;
			buildActionMask = 2147483647;
			files = (
				A45E3BF01DCF8AF2008AA0DA /* EasyAdapterTests.swift in Sources */,
				A463008A1DF4AFF6003EF8DA /* TableViewController.swift in Sources */,
				A46300921DF4BF44003EF8DA /* TestHelpers.swift in Sources */,
			);
			runOnlyForDeploymentPostprocessing = 0;
		};
/* End PBXSourcesBuildPhase section */

/* Begin PBXTargetDependency section */
		A45E3BED1DCF8AF2008AA0DA /* PBXTargetDependency */ = {
			isa = PBXTargetDependency;
			target = A45E3BD61DCF8AF2008AA0DA /* EasyAdapter */;
			targetProxy = A45E3BEC1DCF8AF2008AA0DA /* PBXContainerItemProxy */;
		};
/* End PBXTargetDependency section */

/* Begin PBXVariantGroup section */
		A45E3BDE1DCF8AF2008AA0DA /* Main.storyboard */ = {
			isa = PBXVariantGroup;
			children = (
				A45E3BDF1DCF8AF2008AA0DA /* Base */,
			);
			name = Main.storyboard;
			sourceTree = "<group>";
		};
		A45E3BE31DCF8AF2008AA0DA /* LaunchScreen.storyboard */ = {
			isa = PBXVariantGroup;
			children = (
				A45E3BE41DCF8AF2008AA0DA /* Base */,
			);
			name = LaunchScreen.storyboard;
			sourceTree = "<group>";
		};
/* End PBXVariantGroup section */

/* Begin XCBuildConfiguration section */
		A45E3BFD1DCF8AF2008AA0DA /* Debug */ = {
			isa = XCBuildConfiguration;
			buildSettings = {
				ALWAYS_SEARCH_USER_PATHS = NO;
				CLANG_ANALYZER_NONNULL = YES;
				CLANG_CXX_LANGUAGE_STANDARD = "gnu++0x";
				CLANG_CXX_LIBRARY = "libc++";
				CLANG_ENABLE_MODULES = YES;
				CLANG_ENABLE_OBJC_ARC = YES;
				CLANG_WARN_BOOL_CONVERSION = YES;
				CLANG_WARN_CONSTANT_CONVERSION = YES;
				CLANG_WARN_DIRECT_OBJC_ISA_USAGE = YES_ERROR;
				CLANG_WARN_DOCUMENTATION_COMMENTS = YES;
				CLANG_WARN_EMPTY_BODY = YES;
				CLANG_WARN_ENUM_CONVERSION = YES;
				CLANG_WARN_INFINITE_RECURSION = YES;
				CLANG_WARN_INT_CONVERSION = YES;
				CLANG_WARN_OBJC_ROOT_CLASS = YES_ERROR;
				CLANG_WARN_SUSPICIOUS_MOVE = YES;
				CLANG_WARN_SUSPICIOUS_MOVES = YES;
				CLANG_WARN_UNREACHABLE_CODE = YES;
				CLANG_WARN__DUPLICATE_METHOD_MATCH = YES;
				"CODE_SIGN_IDENTITY[sdk=iphoneos*]" = "iPhone Developer";
				COPY_PHASE_STRIP = NO;
				DEBUG_INFORMATION_FORMAT = dwarf;
				ENABLE_STRICT_OBJC_MSGSEND = YES;
				ENABLE_TESTABILITY = YES;
				GCC_C_LANGUAGE_STANDARD = gnu99;
				GCC_DYNAMIC_NO_PIC = NO;
				GCC_NO_COMMON_BLOCKS = YES;
				GCC_OPTIMIZATION_LEVEL = 0;
				GCC_PREPROCESSOR_DEFINITIONS = (
					"DEBUG=1",
					"$(inherited)",
				);
				GCC_WARN_64_TO_32_BIT_CONVERSION = YES;
				GCC_WARN_ABOUT_RETURN_TYPE = YES_ERROR;
				GCC_WARN_UNDECLARED_SELECTOR = YES;
				GCC_WARN_UNINITIALIZED_AUTOS = YES_AGGRESSIVE;
				GCC_WARN_UNUSED_FUNCTION = YES;
				GCC_WARN_UNUSED_VARIABLE = YES;
				IPHONEOS_DEPLOYMENT_TARGET = 9.0;
				MTL_ENABLE_DEBUG_INFO = YES;
				ONLY_ACTIVE_ARCH = YES;
				SDKROOT = iphoneos;
				SWIFT_ACTIVE_COMPILATION_CONDITIONS = DEBUG;
				SWIFT_OPTIMIZATION_LEVEL = "-Onone";
				TARGETED_DEVICE_FAMILY = "1,2";
			};
			name = Debug;
		};
		A45E3BFE1DCF8AF2008AA0DA /* Release */ = {
			isa = XCBuildConfiguration;
			buildSettings = {
				ALWAYS_SEARCH_USER_PATHS = NO;
				CLANG_ANALYZER_NONNULL = YES;
				CLANG_CXX_LANGUAGE_STANDARD = "gnu++0x";
				CLANG_CXX_LIBRARY = "libc++";
				CLANG_ENABLE_MODULES = YES;
				CLANG_ENABLE_OBJC_ARC = YES;
				CLANG_WARN_BOOL_CONVERSION = YES;
				CLANG_WARN_CONSTANT_CONVERSION = YES;
				CLANG_WARN_DIRECT_OBJC_ISA_USAGE = YES_ERROR;
				CLANG_WARN_DOCUMENTATION_COMMENTS = YES;
				CLANG_WARN_EMPTY_BODY = YES;
				CLANG_WARN_ENUM_CONVERSION = YES;
				CLANG_WARN_INFINITE_RECURSION = YES;
				CLANG_WARN_INT_CONVERSION = YES;
				CLANG_WARN_OBJC_ROOT_CLASS = YES_ERROR;
				CLANG_WARN_SUSPICIOUS_MOVE = YES;
				CLANG_WARN_SUSPICIOUS_MOVES = YES;
				CLANG_WARN_UNREACHABLE_CODE = YES;
				CLANG_WARN__DUPLICATE_METHOD_MATCH = YES;
				"CODE_SIGN_IDENTITY[sdk=iphoneos*]" = "iPhone Developer";
				COPY_PHASE_STRIP = NO;
				DEBUG_INFORMATION_FORMAT = "dwarf-with-dsym";
				ENABLE_NS_ASSERTIONS = NO;
				ENABLE_STRICT_OBJC_MSGSEND = YES;
				GCC_C_LANGUAGE_STANDARD = gnu99;
				GCC_NO_COMMON_BLOCKS = YES;
				GCC_WARN_64_TO_32_BIT_CONVERSION = YES;
				GCC_WARN_ABOUT_RETURN_TYPE = YES_ERROR;
				GCC_WARN_UNDECLARED_SELECTOR = YES;
				GCC_WARN_UNINITIALIZED_AUTOS = YES_AGGRESSIVE;
				GCC_WARN_UNUSED_FUNCTION = YES;
				GCC_WARN_UNUSED_VARIABLE = YES;
				IPHONEOS_DEPLOYMENT_TARGET = 9.0;
				MTL_ENABLE_DEBUG_INFO = NO;
				SDKROOT = iphoneos;
				SWIFT_OPTIMIZATION_LEVEL = "-Owholemodule";
				TARGETED_DEVICE_FAMILY = "1,2";
				VALIDATE_PRODUCT = YES;
			};
			name = Release;
		};
		A45E3C001DCF8AF2008AA0DA /* Debug */ = {
			isa = XCBuildConfiguration;
			buildSettings = {
				ASSETCATALOG_COMPILER_APPICON_NAME = AppIcon;
				CLANG_ENABLE_MODULES = YES;
				CODE_SIGN_IDENTITY = "iPhone Developer: aynur.galiev@flatstack.com (ZZP534RH9K)";
				"CODE_SIGN_IDENTITY[sdk=iphoneos*]" = "iPhone Developer";
				DEBUG_INFORMATION_FORMAT = "dwarf-with-dsym";
				DEVELOPMENT_TEAM = 3EZN9G7JS8;
				INFOPLIST_FILE = TableAdapter/Info.plist;
				IPHONEOS_DEPLOYMENT_TARGET = 9.0;
				LD_RUNPATH_SEARCH_PATHS = "$(inherited) @executable_path/Frameworks";
				PRODUCT_BUNDLE_IDENTIFIER = com.flatstack.EasyAdapter;
				PRODUCT_NAME = "$(TARGET_NAME)";
				SWIFT_OBJC_BRIDGING_HEADER = "TableAdapter/TableAdapter-Bridging-Header.h";
				SWIFT_OPTIMIZATION_LEVEL = "-Onone";
				SWIFT_VERSION = 3.0;
			};
			name = Debug;
		};
		A45E3C011DCF8AF2008AA0DA /* Release */ = {
			isa = XCBuildConfiguration;
			buildSettings = {
				ASSETCATALOG_COMPILER_APPICON_NAME = AppIcon;
				CLANG_ENABLE_MODULES = YES;
				CODE_SIGN_IDENTITY = "iPhone Developer: aynur.galiev@flatstack.com (ZZP534RH9K)";
				"CODE_SIGN_IDENTITY[sdk=iphoneos*]" = "iPhone Developer";
				DEVELOPMENT_TEAM = 3EZN9G7JS8;
				GCC_OPTIMIZATION_LEVEL = 0;
				INFOPLIST_FILE = TableAdapter/Info.plist;
				IPHONEOS_DEPLOYMENT_TARGET = 9.0;
				LD_RUNPATH_SEARCH_PATHS = "$(inherited) @executable_path/Frameworks";
				PRODUCT_BUNDLE_IDENTIFIER = com.flatstack.EasyAdapter;
				PRODUCT_NAME = "$(TARGET_NAME)";
				SWIFT_OBJC_BRIDGING_HEADER = "TableAdapter/TableAdapter-Bridging-Header.h";
				SWIFT_OPTIMIZATION_LEVEL = "-Owholemodule";
				SWIFT_VERSION = 3.0;
			};
			name = Release;
		};
		A45E3C031DCF8AF2008AA0DA /* Debug */ = {
			isa = XCBuildConfiguration;
			buildSettings = {
				ALWAYS_EMBED_SWIFT_STANDARD_LIBRARIES = YES;
				BUNDLE_LOADER = "$(TEST_HOST)";
				DEVELOPMENT_TEAM = 3EZN9G7JS8;
				INFOPLIST_FILE = TableAdapterTests/Info.plist;
				LD_RUNPATH_SEARCH_PATHS = "$(inherited) @executable_path/Frameworks @loader_path/Frameworks";
				PRODUCT_BUNDLE_IDENTIFIER = com.flatstack.TableAdapterTests;
				PRODUCT_NAME = "$(TARGET_NAME)";
				SWIFT_VERSION = 3.0;
				TEST_HOST = "$(BUILT_PRODUCTS_DIR)/EasyAdapter.app/EasyAdapter";
			};
			name = Debug;
		};
		A45E3C041DCF8AF2008AA0DA /* Release */ = {
			isa = XCBuildConfiguration;
			buildSettings = {
				ALWAYS_EMBED_SWIFT_STANDARD_LIBRARIES = YES;
				BUNDLE_LOADER = "$(TEST_HOST)";
				DEVELOPMENT_TEAM = 3EZN9G7JS8;
				INFOPLIST_FILE = TableAdapterTests/Info.plist;
				LD_RUNPATH_SEARCH_PATHS = "$(inherited) @executable_path/Frameworks @loader_path/Frameworks";
				PRODUCT_BUNDLE_IDENTIFIER = com.flatstack.TableAdapterTests;
				PRODUCT_NAME = "$(TARGET_NAME)";
				SWIFT_VERSION = 3.0;
				TEST_HOST = "$(BUILT_PRODUCTS_DIR)/EasyAdapter.app/EasyAdapter";
			};
			name = Release;
		};
/* End XCBuildConfiguration section */

/* Begin XCConfigurationList section */
		A45E3BD21DCF8AF2008AA0DA /* Build configuration list for PBXProject "EasyAdapter" */ = {
			isa = XCConfigurationList;
			buildConfigurations = (
				A45E3BFD1DCF8AF2008AA0DA /* Debug */,
				A45E3BFE1DCF8AF2008AA0DA /* Release */,
			);
			defaultConfigurationIsVisible = 0;
			defaultConfigurationName = Release;
		};
		A45E3BFF1DCF8AF2008AA0DA /* Build configuration list for PBXNativeTarget "EasyAdapter" */ = {
			isa = XCConfigurationList;
			buildConfigurations = (
				A45E3C001DCF8AF2008AA0DA /* Debug */,
				A45E3C011DCF8AF2008AA0DA /* Release */,
			);
			defaultConfigurationIsVisible = 0;
			defaultConfigurationName = Release;
		};
		A45E3C021DCF8AF2008AA0DA /* Build configuration list for PBXNativeTarget "EasyAdapterTests" */ = {
			isa = XCConfigurationList;
			buildConfigurations = (
				A45E3C031DCF8AF2008AA0DA /* Debug */,
				A45E3C041DCF8AF2008AA0DA /* Release */,
			);
			defaultConfigurationIsVisible = 0;
			defaultConfigurationName = Release;
		};
/* End XCConfigurationList section */
	};
	rootObject = A45E3BCF1DCF8AF2008AA0DA /* Project object */;
}
